// !$*UTF8*$!
{
	archiveVersion = 1;
	classes = {
	};
	objectVersion = 46;
	objects = {

/* Begin PBXBuildFile section */
		1819E4291AA1FB5900C344F2 /* SCXcodeMinimapScrollView.m in Sources */ = {isa = PBXBuildFile; fileRef = 1819E4281AA1FB5900C344F2 /* SCXcodeMinimapScrollView.m */; };
		184C11861A740F97002A7C65 /* SCXcodeMinimapSelectionView.m in Sources */ = {isa = PBXBuildFile; fileRef = 184C11821A740F97002A7C65 /* SCXcodeMinimapSelectionView.m */; };
		184C11871A740F97002A7C65 /* SCXcodeMinimapView.m in Sources */ = {isa = PBXBuildFile; fileRef = 184C11841A740F97002A7C65 /* SCXcodeMinimapView.m */; };
		184C118F1A741136002A7C65 /* DVTFoundation.framework in Frameworks */ = {isa = PBXBuildFile; fileRef = 184C118E1A741136002A7C65 /* DVTFoundation.framework */; };
		1876135F1A77A74300974BE1 /* IDEKit.framework in Frameworks */ = {isa = PBXBuildFile; fileRef = 1876135E1A77A74300974BE1 /* IDEKit.framework */; };
		1883080A1A7411830005DF40 /* DVTKit.framework in Frameworks */ = {isa = PBXBuildFile; fileRef = 188308091A7411830005DF40 /* DVTKit.framework */; };
		188308101A7411A70005DF40 /* IDESourceEditor in Frameworks */ = {isa = PBXBuildFile; fileRef = 1883080F1A7411A70005DF40 /* IDESourceEditor */; };
		188FCC8A1A98B57A0026F529 /* DBGBreakpointAnnotationProvider+SCXcodeMinimap.m in Sources */ = {isa = PBXBuildFile; fileRef = 188FCC891A98B57A0026F529 /* DBGBreakpointAnnotationProvider+SCXcodeMinimap.m */; };
		18C2EA5C1A9C7F8A002CEB20 /* DBGBreakpointAnnotation+SCXcodeMinimap.m in Sources */ = {isa = PBXBuildFile; fileRef = 18C2EA5B1A9C7F8A002CEB20 /* DBGBreakpointAnnotation+SCXcodeMinimap.m */; };
		18C999FF1A98B04C0008AF54 /* DebuggerUI in Frameworks */ = {isa = PBXBuildFile; fileRef = 18C999FE1A98B04C0008AF54 /* DebuggerUI */; };
		18D6AD111A8F727B0082CB3F /* IDEFoundation.framework in Frameworks */ = {isa = PBXBuildFile; fileRef = 18D6AD101A8F727B0082CB3F /* IDEFoundation.framework */; };
		18FE09B61707639E00118FEB /* Cocoa.framework in Frameworks */ = {isa = PBXBuildFile; fileRef = 18FE09B51707639E00118FEB /* Cocoa.framework */; };
		18FE09C9170764E400118FEB /* SCXcodeMinimap.m in Sources */ = {isa = PBXBuildFile; fileRef = 18FE09C8170764E400118FEB /* SCXcodeMinimap.m */; };
		8742532317307161001C947C /* QuartzCore.framework in Frameworks */ = {isa = PBXBuildFile; fileRef = 8742532217307161001C947C /* QuartzCore.framework */; };
/* End PBXBuildFile section */

/* Begin PBXFileReference section */
		180F0C651A98AE1500E97254 /* DVTAnnotationManager.h */ = {isa = PBXFileReference; lastKnownFileType = sourcecode.c.h; path = DVTAnnotationManager.h; sourceTree = "<group>"; };
		1812C3911A77A7CF00E2CFB3 /* IDESourceCodeDocument.h */ = {isa = PBXFileReference; lastKnownFileType = sourcecode.c.h; lineEnding = 0; path = IDESourceCodeDocument.h; sourceTree = "<group>"; xcLanguageSpecificationIdentifier = xcode.lang.objcpp; };
		1819E4271AA1FB5900C344F2 /* SCXcodeMinimapScrollView.h */ = {isa = PBXFileReference; fileEncoding = 4; lastKnownFileType = sourcecode.c.h; path = SCXcodeMinimapScrollView.h; sourceTree = "<group>"; };
		1819E4281AA1FB5900C344F2 /* SCXcodeMinimapScrollView.m */ = {isa = PBXFileReference; fileEncoding = 4; lastKnownFileType = sourcecode.c.objc; path = SCXcodeMinimapScrollView.m; sourceTree = "<group>"; };
		18269AD51A8F2F4300953B3D /* DVTFoldingManager.h */ = {isa = PBXFileReference; lastKnownFileType = sourcecode.c.h; path = DVTFoldingManager.h; sourceTree = "<group>"; };
		184407641A8F7B1900C530CF /* DVTTextDocumentLocation.h */ = {isa = PBXFileReference; lastKnownFileType = sourcecode.c.h; path = DVTTextDocumentLocation.h; sourceTree = "<group>"; };
		184407651A8F7B3E00C530CF /* DVTDocumentLocation.h */ = {isa = PBXFileReference; lastKnownFileType = sourcecode.c.h; path = DVTDocumentLocation.h; sourceTree = "<group>"; };
		184C11711A740F8A002A7C65 /* DVTCompletingTextView.h */ = {isa = PBXFileReference; fileEncoding = 4; lastKnownFileType = sourcecode.c.h; lineEnding = 0; path = DVTCompletingTextView.h; sourceTree = "<group>"; xcLanguageSpecificationIdentifier = xcode.lang.objcpp; };
		184C11721A740F8A002A7C65 /* DVTFontAndColorTheme.h */ = {isa = PBXFileReference; fileEncoding = 4; lastKnownFileType = sourcecode.c.h; path = DVTFontAndColorTheme.h; sourceTree = "<group>"; };
		184C11731A740F8A002A7C65 /* DVTInvalidation-Protocol.h */ = {isa = PBXFileReference; fileEncoding = 4; lastKnownFileType = sourcecode.c.h; path = "DVTInvalidation-Protocol.h"; sourceTree = "<group>"; };
		184C11741A740F8A002A7C65 /* DVTPointerArray.h */ = {isa = PBXFileReference; fileEncoding = 4; lastKnownFileType = sourcecode.c.h; path = DVTPointerArray.h; sourceTree = "<group>"; };
		184C11751A740F8A002A7C65 /* DVTPreferenceSet-Protocol.h */ = {isa = PBXFileReference; fileEncoding = 4; lastKnownFileType = sourcecode.c.h; path = "DVTPreferenceSet-Protocol.h"; sourceTree = "<group>"; };
		184C11761A740F8A002A7C65 /* DVTSourceLanguageSourceModelService.h */ = {isa = PBXFileReference; fileEncoding = 4; lastKnownFileType = sourcecode.c.h; path = DVTSourceLanguageSourceModelService.h; sourceTree = "<group>"; };
		184C11771A740F8A002A7C65 /* DVTSourceModel.h */ = {isa = PBXFileReference; fileEncoding = 4; lastKnownFileType = sourcecode.c.h; path = DVTSourceModel.h; sourceTree = "<group>"; };
		184C11781A740F8A002A7C65 /* DVTSourceModelItem.h */ = {isa = PBXFileReference; fileEncoding = 4; lastKnownFileType = sourcecode.c.h; path = DVTSourceModelItem.h; sourceTree = "<group>"; };
		184C11791A740F8A002A7C65 /* DVTSourceNodeTypes.h */ = {isa = PBXFileReference; fileEncoding = 4; lastKnownFileType = sourcecode.c.h; path = DVTSourceNodeTypes.h; sourceTree = "<group>"; };
		184C117A1A740F8A002A7C65 /* DVTSourceTextView.h */ = {isa = PBXFileReference; fileEncoding = 4; lastKnownFileType = sourcecode.c.h; lineEnding = 0; path = DVTSourceTextView.h; sourceTree = "<group>"; xcLanguageSpecificationIdentifier = xcode.lang.objcpp; };
		184C117B1A740F8A002A7C65 /* DVTTextStorage.h */ = {isa = PBXFileReference; fileEncoding = 4; lastKnownFileType = sourcecode.c.h; lineEnding = 0; path = DVTTextStorage.h; sourceTree = "<group>"; xcLanguageSpecificationIdentifier = xcode.lang.objcpp; };
		184C117C1A740F8A002A7C65 /* DVTViewController.h */ = {isa = PBXFileReference; fileEncoding = 4; lastKnownFileType = sourcecode.c.h; path = DVTViewController.h; sourceTree = "<group>"; };
		184C117D1A740F8A002A7C65 /* IDEEditor.h */ = {isa = PBXFileReference; fileEncoding = 4; lastKnownFileType = sourcecode.c.h; path = IDEEditor.h; sourceTree = "<group>"; };
		184C117E1A740F8A002A7C65 /* IDESourceCodeEditor.h */ = {isa = PBXFileReference; fileEncoding = 4; lastKnownFileType = sourcecode.c.h; lineEnding = 0; path = IDESourceCodeEditor.h; sourceTree = "<group>"; xcLanguageSpecificationIdentifier = xcode.lang.objcpp; };
		184C117F1A740F8A002A7C65 /* IDESourceCodeEditorContainerView.h */ = {isa = PBXFileReference; fileEncoding = 4; lastKnownFileType = sourcecode.c.h; lineEnding = 0; path = IDESourceCodeEditorContainerView.h; sourceTree = "<group>"; xcLanguageSpecificationIdentifier = xcode.lang.objcpp; };
		184C11801A740F8A002A7C65 /* IDEViewController.h */ = {isa = PBXFileReference; fileEncoding = 4; lastKnownFileType = sourcecode.c.h; lineEnding = 0; path = IDEViewController.h; sourceTree = "<group>"; xcLanguageSpecificationIdentifier = xcode.lang.objcpp; };
		184C11811A740F97002A7C65 /* SCXcodeMinimapSelectionView.h */ = {isa = PBXFileReference; fileEncoding = 4; lastKnownFileType = sourcecode.c.h; path = SCXcodeMinimapSelectionView.h; sourceTree = "<group>"; };
		184C11821A740F97002A7C65 /* SCXcodeMinimapSelectionView.m */ = {isa = PBXFileReference; fileEncoding = 4; lastKnownFileType = sourcecode.c.objc; path = SCXcodeMinimapSelectionView.m; sourceTree = "<group>"; };
		184C11831A740F97002A7C65 /* SCXcodeMinimapView.h */ = {isa = PBXFileReference; fileEncoding = 4; lastKnownFileType = sourcecode.c.h; path = SCXcodeMinimapView.h; sourceTree = "<group>"; };
		184C11841A740F97002A7C65 /* SCXcodeMinimapView.m */ = {isa = PBXFileReference; fileEncoding = 4; lastKnownFileType = sourcecode.c.objc; lineEnding = 0; path = SCXcodeMinimapView.m; sourceTree = "<group>"; xcLanguageSpecificationIdentifier = xcode.lang.objc; };
		184C118E1A741136002A7C65 /* DVTFoundation.framework */ = {isa = PBXFileReference; lastKnownFileType = wrapper.framework; name = DVTFoundation.framework; path = /Applications/Xcode.app/Contents/SharedFrameworks/DVTFoundation.framework; sourceTree = "<group>"; };
		1876135D1A77A69F00974BE1 /* IDEEditorDocument.h */ = {isa = PBXFileReference; lastKnownFileType = sourcecode.c.h; lineEnding = 0; path = IDEEditorDocument.h; sourceTree = "<group>"; xcLanguageSpecificationIdentifier = xcode.lang.objcpp; };
		1876135E1A77A74300974BE1 /* IDEKit.framework */ = {isa = PBXFileReference; lastKnownFileType = wrapper.framework; name = IDEKit.framework; path = /Applications/Xcode.app/Contents/Frameworks/IDEKit.framework; sourceTree = "<group>"; };
		187EEF6A1A8F78C400E4EF39 /* IDEFileBreakpoint.h */ = {isa = PBXFileReference; lastKnownFileType = sourcecode.c.h; path = IDEFileBreakpoint.h; sourceTree = "<group>"; };
		188308091A7411830005DF40 /* DVTKit.framework */ = {isa = PBXFileReference; lastKnownFileType = wrapper.framework; name = DVTKit.framework; path = /Applications/Xcode.app/Contents/SharedFrameworks/DVTKit.framework; sourceTree = "<group>"; };
		1883080F1A7411A70005DF40 /* IDESourceEditor */ = {isa = PBXFileReference; lastKnownFileType = "compiled.mach-o.dylib"; name = IDESourceEditor; path = /Applications/Xcode.app/Contents/PlugIns/IDESourceEditor.ideplugin/Contents/MacOS/IDESourceEditor; sourceTree = "<group>"; };
		188D38761A98B26E005C7F85 /* DBGBreakpointAnnotation.h */ = {isa = PBXFileReference; lastKnownFileType = sourcecode.c.h; path = DBGBreakpointAnnotation.h; sourceTree = "<group>"; };
		188D38771A98B3AC005C7F85 /* DVTTextAnnotation.h */ = {isa = PBXFileReference; lastKnownFileType = sourcecode.c.h; path = DVTTextAnnotation.h; sourceTree = "<group>"; };
		188D38781A98B3D8005C7F85 /* DVTAnnotation.h */ = {isa = PBXFileReference; lastKnownFileType = sourcecode.c.h; path = DVTAnnotation.h; sourceTree = "<group>"; };
		188FCC881A98B57A0026F529 /* DBGBreakpointAnnotationProvider+SCXcodeMinimap.h */ = {isa = PBXFileReference; fileEncoding = 4; lastKnownFileType = sourcecode.c.h; path = "DBGBreakpointAnnotationProvider+SCXcodeMinimap.h"; sourceTree = "<group>"; };
		188FCC891A98B57A0026F529 /* DBGBreakpointAnnotationProvider+SCXcodeMinimap.m */ = {isa = PBXFileReference; fileEncoding = 4; lastKnownFileType = sourcecode.c.objc; path = "DBGBreakpointAnnotationProvider+SCXcodeMinimap.m"; sourceTree = "<group>"; };
		18B3CEE51A8AA52A00A0873D /* DVTPreferenceSetManager.h */ = {isa = PBXFileReference; lastKnownFileType = sourcecode.c.h; path = DVTPreferenceSetManager.h; sourceTree = "<group>"; };
		18C2EA5A1A9C7F8A002CEB20 /* DBGBreakpointAnnotation+SCXcodeMinimap.h */ = {isa = PBXFileReference; fileEncoding = 4; lastKnownFileType = sourcecode.c.h; path = "DBGBreakpointAnnotation+SCXcodeMinimap.h"; sourceTree = "<group>"; };
		18C2EA5B1A9C7F8A002CEB20 /* DBGBreakpointAnnotation+SCXcodeMinimap.m */ = {isa = PBXFileReference; fileEncoding = 4; lastKnownFileType = sourcecode.c.objc; path = "DBGBreakpointAnnotation+SCXcodeMinimap.m"; sourceTree = "<group>"; };
		18C8F0331A7ECB1300C7A76F /* DVTFoldingLayoutManager.h */ = {isa = PBXFileReference; fileEncoding = 4; lastKnownFileType = sourcecode.c.h; path = DVTFoldingLayoutManager.h; sourceTree = "<group>"; };
		18C8F0341A7ECB1300C7A76F /* DVTLayoutManager.h */ = {isa = PBXFileReference; fileEncoding = 4; lastKnownFileType = sourcecode.c.h; path = DVTLayoutManager.h; sourceTree = "<group>"; };
		18C999FC1A98AF370008AF54 /* DBGBreakpointAnnotationProvider.h */ = {isa = PBXFileReference; fileEncoding = 4; lastKnownFileType = sourcecode.c.h; path = DBGBreakpointAnnotationProvider.h; sourceTree = "<group>"; };
		18C999FD1A98AF580008AF54 /* DVTAnnotationProvider.h */ = {isa = PBXFileReference; lastKnownFileType = sourcecode.c.h; path = DVTAnnotationProvider.h; sourceTree = "<group>"; };
		18C999FE1A98B04C0008AF54 /* DebuggerUI */ = {isa = PBXFileReference; lastKnownFileType = "compiled.mach-o.dylib"; name = DebuggerUI; path = /Applications/Xcode.app/Contents/PlugIns/DebuggerUI.ideplugin/Contents/MacOS/DebuggerUI; sourceTree = "<group>"; };
		18CA02B61A9D0DF1001C5CE1 /* IDEBreakpoint.h */ = {isa = PBXFileReference; lastKnownFileType = sourcecode.c.h; path = IDEBreakpoint.h; sourceTree = "<group>"; };
		18D6AD101A8F727B0082CB3F /* IDEFoundation.framework */ = {isa = PBXFileReference; lastKnownFileType = wrapper.framework; name = IDEFoundation.framework; path = /Applications/Xcode.app/Contents/Frameworks/IDEFoundation.framework; sourceTree = "<group>"; };
		18FE09B21707639E00118FEB /* SCXcodeMinimap.xcplugin */ = {isa = PBXFileReference; explicitFileType = wrapper.cfbundle; includeInIndex = 0; path = SCXcodeMinimap.xcplugin; sourceTree = BUILT_PRODUCTS_DIR; };
		18FE09B51707639E00118FEB /* Cocoa.framework */ = {isa = PBXFileReference; lastKnownFileType = wrapper.framework; name = Cocoa.framework; path = System/Library/Frameworks/Cocoa.framework; sourceTree = SDKROOT; };
		18FE09B81707639E00118FEB /* AppKit.framework */ = {isa = PBXFileReference; lastKnownFileType = wrapper.framework; name = AppKit.framework; path = System/Library/Frameworks/AppKit.framework; sourceTree = SDKROOT; };
		18FE09B91707639E00118FEB /* CoreData.framework */ = {isa = PBXFileReference; lastKnownFileType = wrapper.framework; name = CoreData.framework; path = System/Library/Frameworks/CoreData.framework; sourceTree = SDKROOT; };
		18FE09BA1707639E00118FEB /* Foundation.framework */ = {isa = PBXFileReference; lastKnownFileType = wrapper.framework; name = Foundation.framework; path = System/Library/Frameworks/Foundation.framework; sourceTree = SDKROOT; };
		18FE09BD1707639E00118FEB /* SCXcodeMinimap-Info.plist */ = {isa = PBXFileReference; lastKnownFileType = text.plist.xml; path = "SCXcodeMinimap-Info.plist"; sourceTree = "<group>"; };
		18FE09C11707639E00118FEB /* SCXcodeMinimap-Prefix.pch */ = {isa = PBXFileReference; lastKnownFileType = sourcecode.c.h; path = "SCXcodeMinimap-Prefix.pch"; sourceTree = "<group>"; };
		18FE09C7170764E400118FEB /* SCXcodeMinimap.h */ = {isa = PBXFileReference; fileEncoding = 4; lastKnownFileType = sourcecode.c.h; path = SCXcodeMinimap.h; sourceTree = "<group>"; };
		18FE09C8170764E400118FEB /* SCXcodeMinimap.m */ = {isa = PBXFileReference; fileEncoding = 4; lastKnownFileType = sourcecode.c.objc; path = SCXcodeMinimap.m; sourceTree = "<group>"; };
		18FEFA8C1A782D8600DC98C5 /* IDEFileTextSettings.h */ = {isa = PBXFileReference; lastKnownFileType = sourcecode.c.h; path = IDEFileTextSettings.h; sourceTree = "<group>"; };
		8742532217307161001C947C /* QuartzCore.framework */ = {isa = PBXFileReference; lastKnownFileType = wrapper.framework; name = QuartzCore.framework; path = System/Library/Frameworks/QuartzCore.framework; sourceTree = SDKROOT; };
/* End PBXFileReference section */

/* Begin PBXFrameworksBuildPhase section */
		18FE09AF1707639E00118FEB /* Frameworks */ = {
			isa = PBXFrameworksBuildPhase;
			buildActionMask = 2147483647;
			files = (
				188308101A7411A70005DF40 /* IDESourceEditor in Frameworks */,
				184C118F1A741136002A7C65 /* DVTFoundation.framework in Frameworks */,
				8742532317307161001C947C /* QuartzCore.framework in Frameworks */,
				1883080A1A7411830005DF40 /* DVTKit.framework in Frameworks */,
				1876135F1A77A74300974BE1 /* IDEKit.framework in Frameworks */,
				18C999FF1A98B04C0008AF54 /* DebuggerUI in Frameworks */,
				18FE09B61707639E00118FEB /* Cocoa.framework in Frameworks */,
				18D6AD111A8F727B0082CB3F /* IDEFoundation.framework in Frameworks */,
			);
			runOnlyForDeploymentPostprocessing = 0;
		};
/* End PBXFrameworksBuildPhase section */

/* Begin PBXGroup section */
		184C11701A740F8A002A7C65 /* Xcode Headers */ = {
			isa = PBXGroup;
			children = (
				188D38761A98B26E005C7F85 /* DBGBreakpointAnnotation.h */,
				18C999FC1A98AF370008AF54 /* DBGBreakpointAnnotationProvider.h */,
				188D38781A98B3D8005C7F85 /* DVTAnnotation.h */,
				180F0C651A98AE1500E97254 /* DVTAnnotationManager.h */,
				18C999FD1A98AF580008AF54 /* DVTAnnotationProvider.h */,
				184C11711A740F8A002A7C65 /* DVTCompletingTextView.h */,
				184407651A8F7B3E00C530CF /* DVTDocumentLocation.h */,
				18C8F0331A7ECB1300C7A76F /* DVTFoldingLayoutManager.h */,
				18269AD51A8F2F4300953B3D /* DVTFoldingManager.h */,
				184C11721A740F8A002A7C65 /* DVTFontAndColorTheme.h */,
				184C11731A740F8A002A7C65 /* DVTInvalidation-Protocol.h */,
				18C8F0341A7ECB1300C7A76F /* DVTLayoutManager.h */,
				184C11741A740F8A002A7C65 /* DVTPointerArray.h */,
				184C11751A740F8A002A7C65 /* DVTPreferenceSet-Protocol.h */,
				18B3CEE51A8AA52A00A0873D /* DVTPreferenceSetManager.h */,
				184C11761A740F8A002A7C65 /* DVTSourceLanguageSourceModelService.h */,
				184C11771A740F8A002A7C65 /* DVTSourceModel.h */,
				184C11781A740F8A002A7C65 /* DVTSourceModelItem.h */,
				184C11791A740F8A002A7C65 /* DVTSourceNodeTypes.h */,
				184C117A1A740F8A002A7C65 /* DVTSourceTextView.h */,
				188D38771A98B3AC005C7F85 /* DVTTextAnnotation.h */,
				184407641A8F7B1900C530CF /* DVTTextDocumentLocation.h */,
				184C117B1A740F8A002A7C65 /* DVTTextStorage.h */,
				184C117C1A740F8A002A7C65 /* DVTViewController.h */,
				184C117D1A740F8A002A7C65 /* IDEEditor.h */,
				1876135D1A77A69F00974BE1 /* IDEEditorDocument.h */,
				187EEF6A1A8F78C400E4EF39 /* IDEFileBreakpoint.h */,
				18FEFA8C1A782D8600DC98C5 /* IDEFileTextSettings.h */,
				1812C3911A77A7CF00E2CFB3 /* IDESourceCodeDocument.h */,
				184C117E1A740F8A002A7C65 /* IDESourceCodeEditor.h */,
				184C117F1A740F8A002A7C65 /* IDESourceCodeEditorContainerView.h */,
				184C11801A740F8A002A7C65 /* IDEViewController.h */,
				18CA02B61A9D0DF1001C5CE1 /* IDEBreakpoint.h */,
			);
			path = "Xcode Headers";
			sourceTree = "<group>";
		};
		18FE09A91707639E00118FEB = {
			isa = PBXGroup;
			children = (
				18FE09BB1707639E00118FEB /* SCXcodeMinimap */,
				18FE09B41707639E00118FEB /* Frameworks */,
				18FE09B31707639E00118FEB /* Products */,
			);
			sourceTree = "<group>";
		};
		18FE09B31707639E00118FEB /* Products */ = {
			isa = PBXGroup;
			children = (
				18FE09B21707639E00118FEB /* SCXcodeMinimap.xcplugin */,
			);
			name = Products;
			sourceTree = "<group>";
		};
		18FE09B41707639E00118FEB /* Frameworks */ = {
			isa = PBXGroup;
			children = (
				18FE09B81707639E00118FEB /* AppKit.framework */,
				18FE09B51707639E00118FEB /* Cocoa.framework */,
				18FE09B91707639E00118FEB /* CoreData.framework */,
				18C999FE1A98B04C0008AF54 /* DebuggerUI */,
				184C118E1A741136002A7C65 /* DVTFoundation.framework */,
				188308091A7411830005DF40 /* DVTKit.framework */,
				18FE09BA1707639E00118FEB /* Foundation.framework */,
				18D6AD101A8F727B0082CB3F /* IDEFoundation.framework */,
				1876135E1A77A74300974BE1 /* IDEKit.framework */,
				1883080F1A7411A70005DF40 /* IDESourceEditor */,
				8742532217307161001C947C /* QuartzCore.framework */,
			);
			name = Frameworks;
			sourceTree = "<group>";
		};
		18FE09BB1707639E00118FEB /* SCXcodeMinimap */ = {
			isa = PBXGroup;
			children = (
				18FE09C7170764E400118FEB /* SCXcodeMinimap.h */,
				18FE09C8170764E400118FEB /* SCXcodeMinimap.m */,
				184C11831A740F97002A7C65 /* SCXcodeMinimapView.h */,
				184C11841A740F97002A7C65 /* SCXcodeMinimapView.m */,
				1819E4271AA1FB5900C344F2 /* SCXcodeMinimapScrollView.h */,
				1819E4281AA1FB5900C344F2 /* SCXcodeMinimapScrollView.m */,
				184C11811A740F97002A7C65 /* SCXcodeMinimapSelectionView.h */,
				184C11821A740F97002A7C65 /* SCXcodeMinimapSelectionView.m */,
				18C2EA5A1A9C7F8A002CEB20 /* DBGBreakpointAnnotation+SCXcodeMinimap.h */,
				18C2EA5B1A9C7F8A002CEB20 /* DBGBreakpointAnnotation+SCXcodeMinimap.m */,
				188FCC881A98B57A0026F529 /* DBGBreakpointAnnotationProvider+SCXcodeMinimap.h */,
				188FCC891A98B57A0026F529 /* DBGBreakpointAnnotationProvider+SCXcodeMinimap.m */,
				18FE09BC1707639E00118FEB /* Supporting Files */,
				184C11701A740F8A002A7C65 /* Xcode Headers */,
			);
			path = SCXcodeMinimap;
			sourceTree = "<group>";
		};
		18FE09BC1707639E00118FEB /* Supporting Files */ = {
			isa = PBXGroup;
			children = (
				18FE09BD1707639E00118FEB /* SCXcodeMinimap-Info.plist */,
				18FE09C11707639E00118FEB /* SCXcodeMinimap-Prefix.pch */,
			);
			name = "Supporting Files";
			sourceTree = "<group>";
		};
/* End PBXGroup section */

/* Begin PBXNativeTarget section */
		18FE09B11707639E00118FEB /* SCXcodeMinimap */ = {
			isa = PBXNativeTarget;
			buildConfigurationList = 18FE09C41707639E00118FEB /* Build configuration list for PBXNativeTarget "SCXcodeMinimap" */;
			buildPhases = (
				18FE09AE1707639E00118FEB /* Sources */,
				18FE09AF1707639E00118FEB /* Frameworks */,
				18FE09B01707639E00118FEB /* Resources */,
			);
			buildRules = (
			);
			dependencies = (
			);
			name = SCXcodeMinimap;
			productName = SCXcodeMinimap;
			productReference = 18FE09B21707639E00118FEB /* SCXcodeMinimap.xcplugin */;
			productType = "com.apple.product-type.bundle";
		};
/* End PBXNativeTarget section */

/* Begin PBXProject section */
		18FE09AA1707639E00118FEB /* Project object */ = {
			isa = PBXProject;
			attributes = {
				LastUpgradeCheck = 0500;
				ORGANIZATIONNAME = "Stefan Ceriu";
			};
			buildConfigurationList = 18FE09AD1707639E00118FEB /* Build configuration list for PBXProject "SCXcodeMinimap" */;
			compatibilityVersion = "Xcode 3.2";
			developmentRegion = English;
			hasScannedForEncodings = 0;
			knownRegions = (
				en,
			);
			mainGroup = 18FE09A91707639E00118FEB;
			productRefGroup = 18FE09B31707639E00118FEB /* Products */;
			projectDirPath = "";
			projectRoot = "";
			targets = (
				18FE09B11707639E00118FEB /* SCXcodeMinimap */,
			);
		};
/* End PBXProject section */

/* Begin PBXResourcesBuildPhase section */
		18FE09B01707639E00118FEB /* Resources */ = {
			isa = PBXResourcesBuildPhase;
			buildActionMask = 2147483647;
			files = (
			);
			runOnlyForDeploymentPostprocessing = 0;
		};
/* End PBXResourcesBuildPhase section */

/* Begin PBXSourcesBuildPhase section */
		18FE09AE1707639E00118FEB /* Sources */ = {
			isa = PBXSourcesBuildPhase;
			buildActionMask = 2147483647;
			files = (
				188FCC8A1A98B57A0026F529 /* DBGBreakpointAnnotationProvider+SCXcodeMinimap.m in Sources */,
				18FE09C9170764E400118FEB /* SCXcodeMinimap.m in Sources */,
				184C11861A740F97002A7C65 /* SCXcodeMinimapSelectionView.m in Sources */,
				184C11871A740F97002A7C65 /* SCXcodeMinimapView.m in Sources */,
				18C2EA5C1A9C7F8A002CEB20 /* DBGBreakpointAnnotation+SCXcodeMinimap.m in Sources */,
				1819E4291AA1FB5900C344F2 /* SCXcodeMinimapScrollView.m in Sources */,
			);
			runOnlyForDeploymentPostprocessing = 0;
		};
/* End PBXSourcesBuildPhase section */

/* Begin XCBuildConfiguration section */
		18FE09C21707639E00118FEB /* Debug */ = {
			isa = XCBuildConfiguration;
			buildSettings = {
				ALWAYS_SEARCH_USER_PATHS = NO;
				CLANG_CXX_LANGUAGE_STANDARD = "gnu++0x";
				CLANG_CXX_LIBRARY = "libc++";
				CLANG_WARN_CONSTANT_CONVERSION = YES;
				CLANG_WARN_EMPTY_BODY = YES;
				CLANG_WARN_ENUM_CONVERSION = YES;
				CLANG_WARN_INT_CONVERSION = YES;
				CLANG_WARN__DUPLICATE_METHOD_MATCH = YES;
				COPY_PHASE_STRIP = NO;
				GCC_C_LANGUAGE_STANDARD = gnu99;
				GCC_DYNAMIC_NO_PIC = NO;
				GCC_ENABLE_OBJC_EXCEPTIONS = YES;
				GCC_OPTIMIZATION_LEVEL = 0;
				GCC_PREPROCESSOR_DEFINITIONS = (
					"DEBUG=1",
					"$(inherited)",
				);
				GCC_SYMBOLS_PRIVATE_EXTERN = NO;
				GCC_WARN_64_TO_32_BIT_CONVERSION = YES;
				GCC_WARN_ABOUT_RETURN_TYPE = YES;
				GCC_WARN_UNINITIALIZED_AUTOS = YES;
				GCC_WARN_UNUSED_VARIABLE = YES;
				MACOSX_DEPLOYMENT_TARGET = 10.7;
				ONLY_ACTIVE_ARCH = YES;
				SDKROOT = macosx;
			};
			name = Debug;
		};
		18FE09C31707639E00118FEB /* Release */ = {
			isa = XCBuildConfiguration;
			buildSettings = {
				ALWAYS_SEARCH_USER_PATHS = NO;
				CLANG_CXX_LANGUAGE_STANDARD = "gnu++0x";
				CLANG_CXX_LIBRARY = "libc++";
				CLANG_WARN_CONSTANT_CONVERSION = YES;
				CLANG_WARN_EMPTY_BODY = YES;
				CLANG_WARN_ENUM_CONVERSION = YES;
				CLANG_WARN_INT_CONVERSION = YES;
				CLANG_WARN__DUPLICATE_METHOD_MATCH = YES;
				COPY_PHASE_STRIP = YES;
				DEBUG_INFORMATION_FORMAT = "dwarf-with-dsym";
				GCC_C_LANGUAGE_STANDARD = gnu99;
				GCC_ENABLE_OBJC_EXCEPTIONS = YES;
				GCC_WARN_64_TO_32_BIT_CONVERSION = YES;
				GCC_WARN_ABOUT_RETURN_TYPE = YES;
				GCC_WARN_UNINITIALIZED_AUTOS = YES;
				GCC_WARN_UNUSED_VARIABLE = YES;
				MACOSX_DEPLOYMENT_TARGET = 10.7;
				SDKROOT = macosx;
			};
			name = Release;
		};
		18FE09C51707639E00118FEB /* Debug */ = {
			isa = XCBuildConfiguration;
			buildSettings = {
				CLANG_ENABLE_OBJC_ARC = YES;
				COMBINE_HIDPI_IMAGES = YES;
				DEPLOYMENT_LOCATION = YES;
				DSTROOT = "$(HOME)";
				FRAMEWORK_SEARCH_PATHS = (
					"$(inherited)",
					"$(PROJECT_DIR)",
					"$(SYSTEM_APPS_DIR)/Xcode.app/Contents/SharedFrameworks",
					"$(SYSTEM_APPS_DIR)/Xcode.app/Contents/Frameworks",
					"$(SYSTEM_APPS_DIR)/Xcode.app/Contents/OtherFrameworks",
				);
				GCC_ENABLE_OBJC_GC = "";
				GCC_PRECOMPILE_PREFIX_HEADER = YES;
				GCC_PREFIX_HEADER = "SCXcodeMinimap/SCXcodeMinimap-Prefix.pch";
				INFOPLIST_FILE = "SCXcodeMinimap/SCXcodeMinimap-Info.plist";
				INSTALL_PATH = "/Library/Application Support/Developer/Shared/Xcode/Plug-ins";
				LIBRARY_SEARCH_PATHS = (
					"$(inherited)",
					"$(SYSTEM_APPS_DIR)/Xcode.app/Contents/PlugIns/IDESourceEditor.ideplugin/Contents/MacOS",
					"$(SYSTEM_APPS_DIR)/Xcode.app/Contents/PlugIns/DebuggerUI.ideplugin/Contents/MacOS",
				);
				PRODUCT_NAME = "$(TARGET_NAME)";
				WRAPPER_EXTENSION = xcplugin;
			};
			name = Debug;
		};
		18FE09C61707639E00118FEB /* Release */ = {
			isa = XCBuildConfiguration;
			buildSettings = {
				CLANG_ENABLE_OBJC_ARC = YES;
				COMBINE_HIDPI_IMAGES = YES;
				DEPLOYMENT_LOCATION = YES;
				DSTROOT = "$(HOME)";
				FRAMEWORK_SEARCH_PATHS = (
					"$(inherited)",
					"$(PROJECT_DIR)",
					"$(SYSTEM_APPS_DIR)/Xcode.app/Contents/SharedFrameworks",
					"$(SYSTEM_APPS_DIR)/Xcode.app/Contents/Frameworks",
					"$(SYSTEM_APPS_DIR)/Xcode.app/Contents/OtherFrameworks",
				);
				GCC_ENABLE_OBJC_GC = "";
				GCC_PRECOMPILE_PREFIX_HEADER = YES;
				GCC_PREFIX_HEADER = "SCXcodeMinimap/SCXcodeMinimap-Prefix.pch";
				INFOPLIST_FILE = "SCXcodeMinimap/SCXcodeMinimap-Info.plist";
				INSTALL_PATH = "/Library/Application Support/Developer/Shared/Xcode/Plug-ins";
				LIBRARY_SEARCH_PATHS = (
					"$(inherited)",
					"$(SYSTEM_APPS_DIR)/Xcode.app/Contents/PlugIns/IDESourceEditor.ideplugin/Contents/MacOS",
					"$(SYSTEM_APPS_DIR)/Xcode.app/Contents/PlugIns/DebuggerUI.ideplugin/Contents/MacOS",
				);
				PRODUCT_NAME = "$(TARGET_NAME)";
				WRAPPER_EXTENSION = xcplugin;
			};
			name = Release;
		};
/* End XCBuildConfiguration section */

/* Begin XCConfigurationList section */
		18FE09AD1707639E00118FEB /* Build configuration list for PBXProject "SCXcodeMinimap" */ = {
			isa = XCConfigurationList;
			buildConfigurations = (
				18FE09C21707639E00118FEB /* Debug */,
				18FE09C31707639E00118FEB /* Release */,
			);
			defaultConfigurationIsVisible = 0;
			defaultConfigurationName = Release;
		};
		18FE09C41707639E00118FEB /* Build configuration list for PBXNativeTarget "SCXcodeMinimap" */ = {
			isa = XCConfigurationList;
			buildConfigurations = (
				18FE09C51707639E00118FEB /* Debug */,
				18FE09C61707639E00118FEB /* Release */,
			);
			defaultConfigurationIsVisible = 0;
			defaultConfigurationName = Release;
		};
/* End XCConfigurationList section */
	};
	rootObject = 18FE09AA1707639E00118FEB /* Project object */;
}
